// !$*UTF8*$!
{
	archiveVersion = 1;
	classes = {
	};
	objectVersion = 46;
	objects = {

/* Begin PBXBuildFile section */
		4F3ACA9B1A056DE900A8CA05 /* AppDelegate.swift in Sources */ = {isa = PBXBuildFile; fileRef = 4F3ACA9A1A056DE900A8CA05 /* AppDelegate.swift */; };
		4F3ACAA21A056DE900A8CA05 /* Images.xcassets in Resources */ = {isa = PBXBuildFile; fileRef = 4F3ACAA11A056DE900A8CA05 /* Images.xcassets */; };
		4F3ACAB11A056DE900A8CA05 /* GrumpbeeTests.swift in Sources */ = {isa = PBXBuildFile; fileRef = 4F3ACAB01A056DE900A8CA05 /* GrumpbeeTests.swift */; };
		4F3ACABC1A056EA200A8CA05 /* MainViewController.swift in Sources */ = {isa = PBXBuildFile; fileRef = 4F3ACABA1A056EA200A8CA05 /* MainViewController.swift */; };
		4F3ACABD1A056EA200A8CA05 /* MainViewController.xib in Resources */ = {isa = PBXBuildFile; fileRef = 4F3ACABB1A056EA200A8CA05 /* MainViewController.xib */; };
		4F3ACABF1A056F7800A8CA05 /* DropboxSDK.framework in Frameworks */ = {isa = PBXBuildFile; fileRef = 4F3ACABE1A056F7800A8CA05 /* DropboxSDK.framework */; };
		4F3ACAC11A056F8800A8CA05 /* Security.framework in Frameworks */ = {isa = PBXBuildFile; fileRef = 4F3ACAC01A056F8800A8CA05 /* Security.framework */; };
		4F3ACAC31A056F9A00A8CA05 /* QuartzCore.framework in Frameworks */ = {isa = PBXBuildFile; fileRef = 4F3ACAC21A056F9A00A8CA05 /* QuartzCore.framework */; };
/* End PBXBuildFile section */

/* Begin PBXContainerItemProxy section */
		4F3ACAAB1A056DE900A8CA05 /* PBXContainerItemProxy */ = {
			isa = PBXContainerItemProxy;
			containerPortal = 4F3ACA8D1A056DE900A8CA05 /* Project object */;
			proxyType = 1;
			remoteGlobalIDString = 4F3ACA941A056DE900A8CA05;
			remoteInfo = Grumpbee;
		};
/* End PBXContainerItemProxy section */

/* Begin PBXFileReference section */
		4F3ACA951A056DE900A8CA05 /* Grumpbee.app */ = {isa = PBXFileReference; explicitFileType = wrapper.application; includeInIndex = 0; path = Grumpbee.app; sourceTree = BUILT_PRODUCTS_DIR; };
		4F3ACA991A056DE900A8CA05 /* Info.plist */ = {isa = PBXFileReference; lastKnownFileType = text.plist.xml; path = Info.plist; sourceTree = "<group>"; };
		4F3ACA9A1A056DE900A8CA05 /* AppDelegate.swift */ = {isa = PBXFileReference; lastKnownFileType = sourcecode.swift; path = AppDelegate.swift; sourceTree = "<group>"; };
		4F3ACAA11A056DE900A8CA05 /* Images.xcassets */ = {isa = PBXFileReference; lastKnownFileType = folder.assetcatalog; path = Images.xcassets; sourceTree = "<group>"; };
		4F3ACAAA1A056DE900A8CA05 /* GrumpbeeTests.xctest */ = {isa = PBXFileReference; explicitFileType = wrapper.cfbundle; includeInIndex = 0; path = GrumpbeeTests.xctest; sourceTree = BUILT_PRODUCTS_DIR; };
		4F3ACAAF1A056DE900A8CA05 /* Info.plist */ = {isa = PBXFileReference; lastKnownFileType = text.plist.xml; path = Info.plist; sourceTree = "<group>"; };
		4F3ACAB01A056DE900A8CA05 /* GrumpbeeTests.swift */ = {isa = PBXFileReference; lastKnownFileType = sourcecode.swift; path = GrumpbeeTests.swift; sourceTree = "<group>"; };
		4F3ACABA1A056EA200A8CA05 /* MainViewController.swift */ = {isa = PBXFileReference; fileEncoding = 4; lastKnownFileType = sourcecode.swift; name = MainViewController.swift; path = ../MainViewController.swift; sourceTree = "<group>"; };
		4F3ACABB1A056EA200A8CA05 /* MainViewController.xib */ = {isa = PBXFileReference; fileEncoding = 4; lastKnownFileType = file.xib; name = MainViewController.xib; path = ../MainViewController.xib; sourceTree = "<group>"; };
		4F3ACABE1A056F7800A8CA05 /* DropboxSDK.framework */ = {isa = PBXFileReference; lastKnownFileType = wrapper.framework; path = DropboxSDK.framework; sourceTree = "<group>"; };
		4F3ACAC01A056F8800A8CA05 /* Security.framework */ = {isa = PBXFileReference; lastKnownFileType = wrapper.framework; name = Security.framework; path = System/Library/Frameworks/Security.framework; sourceTree = SDKROOT; };
		4F3ACAC21A056F9A00A8CA05 /* QuartzCore.framework */ = {isa = PBXFileReference; lastKnownFileType = wrapper.framework; name = QuartzCore.framework; path = System/Library/Frameworks/QuartzCore.framework; sourceTree = SDKROOT; };
		4F3ACAC51A0570AB00A8CA05 /* Grumpbee-Bridging-Header.h */ = {isa = PBXFileReference; lastKnownFileType = sourcecode.c.h; path = "Grumpbee-Bridging-Header.h"; sourceTree = "<group>"; };
/* End PBXFileReference section */

/* Begin PBXFrameworksBuildPhase section */
		4F3ACA921A056DE900A8CA05 /* Frameworks */ = {
			isa = PBXFrameworksBuildPhase;
			buildActionMask = 2147483647;
			files = (
				4F3ACAC31A056F9A00A8CA05 /* QuartzCore.framework in Frameworks */,
				4F3ACAC11A056F8800A8CA05 /* Security.framework in Frameworks */,
				4F3ACABF1A056F7800A8CA05 /* DropboxSDK.framework in Frameworks */,
			);
			runOnlyForDeploymentPostprocessing = 0;
		};
		4F3ACAA71A056DE900A8CA05 /* Frameworks */ = {
			isa = PBXFrameworksBuildPhase;
			buildActionMask = 2147483647;
			files = (
			);
			runOnlyForDeploymentPostprocessing = 0;
		};
/* End PBXFrameworksBuildPhase section */

/* Begin PBXGroup section */
		4F3ACA8C1A056DE900A8CA05 = {
			isa = PBXGroup;
			children = (
				4F3ACA971A056DE900A8CA05 /* Grumpbee */,
				4F3ACAAD1A056DE900A8CA05 /* GrumpbeeTests */,
				4F3ACA961A056DE900A8CA05 /* Products */,
				4F3ACAC41A056FA300A8CA05 /* Frameworks */,
			);
			sourceTree = "<group>";
		};
		4F3ACA961A056DE900A8CA05 /* Products */ = {
			isa = PBXGroup;
			children = (
				4F3ACA951A056DE900A8CA05 /* Grumpbee.app */,
				4F3ACAAA1A056DE900A8CA05 /* GrumpbeeTests.xctest */,
			);
			name = Products;
			sourceTree = "<group>";
		};
		4F3ACA971A056DE900A8CA05 /* Grumpbee */ = {
			isa = PBXGroup;
			children = (
				4F3ACA9A1A056DE900A8CA05 /* AppDelegate.swift */,
				4F3ACABA1A056EA200A8CA05 /* MainViewController.swift */,
				4F3ACABB1A056EA200A8CA05 /* MainViewController.xib */,
				4F3ACAA11A056DE900A8CA05 /* Images.xcassets */,
				4F3ACA981A056DE900A8CA05 /* Supporting Files */,
			);
			path = Grumpbee;
			sourceTree = "<group>";
		};
		4F3ACA981A056DE900A8CA05 /* Supporting Files */ = {
			isa = PBXGroup;
			children = (
				4F3ACAC51A0570AB00A8CA05 /* Grumpbee-Bridging-Header.h */,
				4F3ACA991A056DE900A8CA05 /* Info.plist */,
			);
			name = "Supporting Files";
			sourceTree = "<group>";
		};
		4F3ACAAD1A056DE900A8CA05 /* GrumpbeeTests */ = {
			isa = PBXGroup;
			children = (
				4F3ACAB01A056DE900A8CA05 /* GrumpbeeTests.swift */,
				4F3ACAAE1A056DE900A8CA05 /* Supporting Files */,
			);
			path = GrumpbeeTests;
			sourceTree = "<group>";
		};
		4F3ACAAE1A056DE900A8CA05 /* Supporting Files */ = {
			isa = PBXGroup;
			children = (
				4F3ACAAF1A056DE900A8CA05 /* Info.plist */,
			);
			name = "Supporting Files";
			sourceTree = "<group>";
		};
		4F3ACAC41A056FA300A8CA05 /* Frameworks */ = {
			isa = PBXGroup;
			children = (
				4F3ACAC21A056F9A00A8CA05 /* QuartzCore.framework */,
				4F3ACAC01A056F8800A8CA05 /* Security.framework */,
				4F3ACABE1A056F7800A8CA05 /* DropboxSDK.framework */,
			);
			name = Frameworks;
			sourceTree = "<group>";
		};
/* End PBXGroup section */

/* Begin PBXNativeTarget section */
		4F3ACA941A056DE900A8CA05 /* Grumpbee */ = {
			isa = PBXNativeTarget;
			buildConfigurationList = 4F3ACAB41A056DE900A8CA05 /* Build configuration list for PBXNativeTarget "Grumpbee" */;
			buildPhases = (
				4F3ACA911A056DE900A8CA05 /* Sources */,
				4F3ACA921A056DE900A8CA05 /* Frameworks */,
				4F3ACA931A056DE900A8CA05 /* Resources */,
			);
			buildRules = (
			);
			dependencies = (
			);
			name = Grumpbee;
			productName = Grumpbee;
			productReference = 4F3ACA951A056DE900A8CA05 /* Grumpbee.app */;
			productType = "com.apple.product-type.application";
		};
		4F3ACAA91A056DE900A8CA05 /* GrumpbeeTests */ = {
			isa = PBXNativeTarget;
			buildConfigurationList = 4F3ACAB71A056DE900A8CA05 /* Build configuration list for PBXNativeTarget "GrumpbeeTests" */;
			buildPhases = (
				4F3ACAA61A056DE900A8CA05 /* Sources */,
				4F3ACAA71A056DE900A8CA05 /* Frameworks */,
				4F3ACAA81A056DE900A8CA05 /* Resources */,
			);
			buildRules = (
			);
			dependencies = (
				4F3ACAAC1A056DE900A8CA05 /* PBXTargetDependency */,
			);
			name = GrumpbeeTests;
			productName = GrumpbeeTests;
			productReference = 4F3ACAAA1A056DE900A8CA05 /* GrumpbeeTests.xctest */;
			productType = "com.apple.product-type.bundle.unit-test";
		};
/* End PBXNativeTarget section */

/* Begin PBXProject section */
		4F3ACA8D1A056DE900A8CA05 /* Project object */ = {
			isa = PBXProject;
			attributes = {
				LastUpgradeCheck = 0600;
				ORGANIZATIONNAME = thomaswhyyou;
				TargetAttributes = {
					4F3ACA941A056DE900A8CA05 = {
						CreatedOnToolsVersion = 6.0;
					};
					4F3ACAA91A056DE900A8CA05 = {
						CreatedOnToolsVersion = 6.0;
						TestTargetID = 4F3ACA941A056DE900A8CA05;
					};
				};
			};
			buildConfigurationList = 4F3ACA901A056DE900A8CA05 /* Build configuration list for PBXProject "Grumpbee" */;
			compatibilityVersion = "Xcode 3.2";
			developmentRegion = English;
			hasScannedForEncodings = 0;
			knownRegions = (
				en,
				Base,
			);
			mainGroup = 4F3ACA8C1A056DE900A8CA05;
			productRefGroup = 4F3ACA961A056DE900A8CA05 /* Products */;
			projectDirPath = "";
			projectRoot = "";
			targets = (
				4F3ACA941A056DE900A8CA05 /* Grumpbee */,
				4F3ACAA91A056DE900A8CA05 /* GrumpbeeTests */,
			);
		};
/* End PBXProject section */

/* Begin PBXResourcesBuildPhase section */
		4F3ACA931A056DE900A8CA05 /* Resources */ = {
			isa = PBXResourcesBuildPhase;
			buildActionMask = 2147483647;
			files = (
				4F3ACAA21A056DE900A8CA05 /* Images.xcassets in Resources */,
				4F3ACABD1A056EA200A8CA05 /* MainViewController.xib in Resources */,
			);
			runOnlyForDeploymentPostprocessing = 0;
		};
		4F3ACAA81A056DE900A8CA05 /* Resources */ = {
			isa = PBXResourcesBuildPhase;
			buildActionMask = 2147483647;
			files = (
			);
			runOnlyForDeploymentPostprocessing = 0;
		};
/* End PBXResourcesBuildPhase section */

/* Begin PBXSourcesBuildPhase section */
		4F3ACA911A056DE900A8CA05 /* Sources */ = {
			isa = PBXSourcesBuildPhase;
			buildActionMask = 2147483647;
			files = (
				4F3ACA9B1A056DE900A8CA05 /* AppDelegate.swift in Sources */,
				4F3ACABC1A056EA200A8CA05 /* MainViewController.swift in Sources */,
			);
			runOnlyForDeploymentPostprocessing = 0;
		};
		4F3ACAA61A056DE900A8CA05 /* Sources */ = {
			isa = PBXSourcesBuildPhase;
			buildActionMask = 2147483647;
			files = (
				4F3ACAB11A056DE900A8CA05 /* GrumpbeeTests.swift in Sources */,
			);
			runOnlyForDeploymentPostprocessing = 0;
		};
/* End PBXSourcesBuildPhase section */

/* Begin PBXTargetDependency section */
		4F3ACAAC1A056DE900A8CA05 /* PBXTargetDependency */ = {
			isa = PBXTargetDependency;
			target = 4F3ACA941A056DE900A8CA05 /* Grumpbee */;
			targetProxy = 4F3ACAAB1A056DE900A8CA05 /* PBXContainerItemProxy */;
		};
/* End PBXTargetDependency section */

/* Begin XCBuildConfiguration section */
		4F3ACAB21A056DE900A8CA05 /* Debug */ = {
			isa = XCBuildConfiguration;
			buildSettings = {
				ALWAYS_SEARCH_USER_PATHS = NO;
				CLANG_CXX_LANGUAGE_STANDARD = "gnu++0x";
				CLANG_CXX_LIBRARY = "libc++";
				CLANG_ENABLE_MODULES = YES;
				CLANG_ENABLE_OBJC_ARC = YES;
				CLANG_WARN_BOOL_CONVERSION = YES;
				CLANG_WARN_CONSTANT_CONVERSION = YES;
				CLANG_WARN_DIRECT_OBJC_ISA_USAGE = YES_ERROR;
				CLANG_WARN_EMPTY_BODY = YES;
				CLANG_WARN_ENUM_CONVERSION = YES;
				CLANG_WARN_INT_CONVERSION = YES;
				CLANG_WARN_OBJC_ROOT_CLASS = YES_ERROR;
				CLANG_WARN_UNREACHABLE_CODE = YES;
				CLANG_WARN__DUPLICATE_METHOD_MATCH = YES;
				"CODE_SIGN_IDENTITY[sdk=iphoneos*]" = "iPhone Developer";
				COPY_PHASE_STRIP = NO;
				ENABLE_STRICT_OBJC_MSGSEND = YES;
				GCC_C_LANGUAGE_STANDARD = gnu99;
				GCC_DYNAMIC_NO_PIC = NO;
				GCC_OPTIMIZATION_LEVEL = 0;
				GCC_PREPROCESSOR_DEFINITIONS = (
					"DEBUG=1",
					"$(inherited)",
				);
				GCC_SYMBOLS_PRIVATE_EXTERN = NO;
				GCC_WARN_64_TO_32_BIT_CONVERSION = YES;
				GCC_WARN_ABOUT_RETURN_TYPE = YES_ERROR;
				GCC_WARN_UNDECLARED_SELECTOR = YES;
				GCC_WARN_UNINITIALIZED_AUTOS = YES_AGGRESSIVE;
				GCC_WARN_UNUSED_FUNCTION = YES;
				GCC_WARN_UNUSED_VARIABLE = YES;
				IPHONEOS_DEPLOYMENT_TARGET = 8.0;
				MTL_ENABLE_DEBUG_INFO = YES;
				ONLY_ACTIVE_ARCH = YES;
				SDKROOT = iphoneos;
				SWIFT_OPTIMIZATION_LEVEL = "-Onone";
				TARGETED_DEVICE_FAMILY = "1,2";
			};
			name = Debug;
		};
		4F3ACAB31A056DE900A8CA05 /* Release */ = {
			isa = XCBuildConfiguration;
			buildSettings = {
				ALWAYS_SEARCH_USER_PATHS = NO;
				CLANG_CXX_LANGUAGE_STANDARD = "gnu++0x";
				CLANG_CXX_LIBRARY = "libc++";
				CLANG_ENABLE_MODULES = YES;
				CLANG_ENABLE_OBJC_ARC = YES;
				CLANG_WARN_BOOL_CONVERSION = YES;
				CLANG_WARN_CONSTANT_CONVERSION = YES;
				CLANG_WARN_DIRECT_OBJC_ISA_USAGE = YES_ERROR;
				CLANG_WARN_EMPTY_BODY = YES;
				CLANG_WARN_ENUM_CONVERSION = YES;
				CLANG_WARN_INT_CONVERSION = YES;
				CLANG_WARN_OBJC_ROOT_CLASS = YES_ERROR;
				CLANG_WARN_UNREACHABLE_CODE = YES;
				CLANG_WARN__DUPLICATE_METHOD_MATCH = YES;
				"CODE_SIGN_IDENTITY[sdk=iphoneos*]" = "iPhone Developer";
				COPY_PHASE_STRIP = YES;
				ENABLE_NS_ASSERTIONS = NO;
				ENABLE_STRICT_OBJC_MSGSEND = YES;
				GCC_C_LANGUAGE_STANDARD = gnu99;
				GCC_WARN_64_TO_32_BIT_CONVERSION = YES;
				GCC_WARN_ABOUT_RETURN_TYPE = YES_ERROR;
				GCC_WARN_UNDECLARED_SELECTOR = YES;
				GCC_WARN_UNINITIALIZED_AUTOS = YES_AGGRESSIVE;
				GCC_WARN_UNUSED_FUNCTION = YES;
				GCC_WARN_UNUSED_VARIABLE = YES;
				IPHONEOS_DEPLOYMENT_TARGET = 8.0;
				MTL_ENABLE_DEBUG_INFO = NO;
				SDKROOT = iphoneos;
				TARGETED_DEVICE_FAMILY = "1,2";
				VALIDATE_PRODUCT = YES;
			};
			name = Release;
		};
		4F3ACAB51A056DE900A8CA05 /* Debug */ = {
			isa = XCBuildConfiguration;
			buildSettings = {
				ASSETCATALOG_COMPILER_APPICON_NAME = AppIcon;
				CLANG_ENABLE_MODULES = YES;
				FRAMEWORK_SEARCH_PATHS = (
					"$(inherited)",
					"$(PROJECT_DIR)",
				);
				INFOPLIST_FILE = Grumpbee/Info.plist;
				LD_RUNPATH_SEARCH_PATHS = "$(inherited) @executable_path/Frameworks";
				PRODUCT_NAME = "$(TARGET_NAME)";
				SWIFT_OBJC_BRIDGING_HEADER = "Grumpbee/Grumpbee-Bridging-Header.h";
				SWIFT_OPTIMIZATION_LEVEL = "-Onone";
			};
			name = Debug;
		};
		4F3ACAB61A056DE900A8CA05 /* Release */ = {
			isa = XCBuildConfiguration;
			buildSettings = {
				ASSETCATALOG_COMPILER_APPICON_NAME = AppIcon;
				CLANG_ENABLE_MODULES = YES;
				FRAMEWORK_SEARCH_PATHS = (
					"$(inherited)",
					"$(PROJECT_DIR)",
				);
				INFOPLIST_FILE = Grumpbee/Info.plist;
				LD_RUNPATH_SEARCH_PATHS = "$(inherited) @executable_path/Frameworks";
				PRODUCT_NAME = "$(TARGET_NAME)";
				SWIFT_OBJC_BRIDGING_HEADER = "Grumpbee/Grumpbee-Bridging-Header.h";
			};
			name = Release;
		};
		4F3ACAB81A056DE900A8CA05 /* Debug */ = {
			isa = XCBuildConfiguration;
			buildSettings = {
				BUNDLE_LOADER = "$(TEST_HOST)";
				FRAMEWORK_SEARCH_PATHS = (
					"$(SDKROOT)/Developer/Library/Frameworks",
					"$(inherited)",
				);
				GCC_PREPROCESSOR_DEFINITIONS = (
					"DEBUG=1",
					"$(inherited)",
				);
				INFOPLIST_FILE = GrumpbeeTests/Info.plist;
				LD_RUNPATH_SEARCH_PATHS = "$(inherited) @executable_path/Frameworks @loader_path/Frameworks";
				PRODUCT_NAME = "$(TARGET_NAME)";
				TEST_HOST = "$(BUILT_PRODUCTS_DIR)/Grumpbee.app/Grumpbee";
			};
			name = Debug;
		};
		4F3ACAB91A056DE900A8CA05 /* Release */ = {
			isa = XCBuildConfiguration;
			buildSettings = {
				BUNDLE_LOADER = "$(TEST_HOST)";
				FRAMEWORK_SEARCH_PATHS = (
					"$(SDKROOT)/Developer/Library/Frameworks",
					"$(inherited)",
				);
				INFOPLIST_FILE = GrumpbeeTests/Info.plist;
				LD_RUNPATH_SEARCH_PATHS = "$(inherited) @executable_path/Frameworks @loader_path/Frameworks";
				PRODUCT_NAME = "$(TARGET_NAME)";
				TEST_HOST = "$(BUILT_PRODUCTS_DIR)/Grumpbee.app/Grumpbee";
			};
			name = Release;
		};
/* End XCBuildConfiguration section */

/* Begin XCConfigurationList section */
		4F3ACA901A056DE900A8CA05 /* Build configuration list for PBXProject "Grumpbee" */ = {
			isa = XCConfigurationList;
			buildConfigurations = (
				4F3ACAB21A056DE900A8CA05 /* Debug */,
				4F3ACAB31A056DE900A8CA05 /* Release */,
			);
			defaultConfigurationIsVisible = 0;
			defaultConfigurationName = Release;
		};
		4F3ACAB41A056DE900A8CA05 /* Build configuration list for PBXNativeTarget "Grumpbee" */ = {
			isa = XCConfigurationList;
			buildConfigurations = (
				4F3ACAB51A056DE900A8CA05 /* Debug */,
				4F3ACAB61A056DE900A8CA05 /* Release */,
			);
			defaultConfigurationIsVisible = 0;
		};
		4F3ACAB71A056DE900A8CA05 /* Build configuration list for PBXNativeTarget "GrumpbeeTests" */ = {
			isa = XCConfigurationList;
			buildConfigurations = (
				4F3ACAB81A056DE900A8CA05 /* Debug */,
				4F3ACAB91A056DE900A8CA05 /* Release */,
			);
			defaultConfigurationIsVisible = 0;
		};
/* End XCConfigurationList section */
	};
	rootObject = 4F3ACA8D1A056DE900A8CA05 /* Project object */;
}
